
Microsoft Visual Studio Solution File, Format Version 12.00
# Visual Studio Version 16
VisualStudioVersion = 16.0.29102.190
MinimumVisualStudioVersion = 10.0.40219.1
Project("{FAE04EC0-301F-11D3-BF4B-00C04F79EFBC}") = "Write Test Template", "Write Test Template.csproj", "{19062BFB-3300-4AA8-800F-575864CD0F02}"
EndProject
Global
	GlobalSection(SolutionConfigurationPlatforms) = preSolution
		Debug|Any CPU = Debug|Any CPU
		Release|Any CPU = Release|Any CPU
	EndGlobalSection
	GlobalSection(ProjectConfigurationPlatforms) = postSolution
		{19062BFB-3300-4AA8-800F-575864CD0F02}.Debug|Any CPU.ActiveCfg = Debug|Any CPU
		{19062BFB-3300-4AA8-800F-575864CD0F02}.Debug|Any CPU.Build.0 = Debug|Any CPU
		{19062BFB-3300-4AA8-800F-575864CD0F02}.Release|Any CPU.ActiveCfg = Release|Any CPU
		{19062BFB-3300-4AA8-800F-575864CD0F02}.Release|Any CPU.Build.0 = Release|Any CPU
	EndGlobalSection
	GlobalSection(SolutionProperties) = preSolution
		HideSolutionNode = FALSE
	EndGlobalSection
	GlobalSection(ExtensibilityGlobals) = postSolution
		SolutionGuid = {826A1A73-8337-455D-ABB8-8759EFCE157F}
	EndGlobalSection
EndGlobal
